
Microsoft Visual Studio Solution File, Format Version 12.00
# Visual Studio Version 17
VisualStudioVersion = 17.13.35818.85
MinimumVisualStudioVersion = 10.0.40219.1
Project("{FAE04EC0-301F-11D3-BF4B-00C04F79EFBC}") = "Advanced-c#-tutorial", "Advanced-c#-tutorial.csproj", "{F3D447A2-6288-4296-B29A-0E7AD6CAC0C2}"
EndProject
Project("{FAE04EC0-301F-11D3-BF4B-00C04F79EFBC}") = "ClubMembershipApplicationPracticeProject", "Delegates\Mini-project-to-practice-delegates\ClubMembershipApplicationPracticeProject\ClubMembershipApplicationPracticeProject.csproj", "{6146E92B-E3BA-4CD7-A97B-3E2E04AD7698}"
EndProject
Project("{FAE04EC0-301F-11D3-BF4B-00C04F79EFBC}") = "ClassLibrary1", "Delegates\Mini-project-to-practice-delegates\ClassLibrary1\ClassLibrary1.csproj", "{A549064B-35CF-4F62-997B-CAD897A9276C}"
EndProject
Project("{FAE04EC0-301F-11D3-BF4B-00C04F79EFBC}") = "ThePretendCompanyApplication-For-LINQ-Practice", "LINQ\Introduction\ThePretendCompanyApplication-For-LINQ-Practice\ThePretendCompanyApplication-For-LINQ-Practice.csproj", "{5B4D9C3F-840C-4282-96F1-0901D5E6073B}"
EndProject
Project("{FAE04EC0-301F-11D3-BF4B-00C04F79EFBC}") = "TCPData", "LINQ\Introduction\ThePretendCompanyApplication-For-LINQ-Practice\TCPData\TCPData.csproj", "{B558F790-C5AC-44B6-A949-CD97D5CF2E09}"
EndProject
Project("{FAE04EC0-301F-11D3-BF4B-00C04F79EFBC}") = "TCPExtension", "LINQ\Introduction\ThePretendCompanyApplication-For-LINQ-Practice\TCPExtension\TCPExtension.csproj", "{0F9EF991-3E92-4CEF-BDB3-ADF9599C7382}"
EndProject
Project("{FAE04EC0-301F-11D3-BF4B-00C04F79EFBC}") = "LINQExample_1", "LINQ\Queries\LINQExample_1\LINQExample_1.csproj", "{12AA23FC-53DA-49F7-8F0D-0D8CD33B5385}"
EndProject
Global
	GlobalSection(SolutionConfigurationPlatforms) = preSolution
		Debug|Any CPU = Debug|Any CPU
		Release|Any CPU = Release|Any CPU
	EndGlobalSection
	GlobalSection(ProjectConfigurationPlatforms) = postSolution
		{F3D447A2-6288-4296-B29A-0E7AD6CAC0C2}.Debug|Any CPU.ActiveCfg = Debug|Any CPU
		{F3D447A2-6288-4296-B29A-0E7AD6CAC0C2}.Debug|Any CPU.Build.0 = Debug|Any CPU
		{F3D447A2-6288-4296-B29A-0E7AD6CAC0C2}.Release|Any CPU.ActiveCfg = Release|Any CPU
		{F3D447A2-6288-4296-B29A-0E7AD6CAC0C2}.Release|Any CPU.Build.0 = Release|Any CPU
		{6146E92B-E3BA-4CD7-A97B-3E2E04AD7698}.Debug|Any CPU.ActiveCfg = Debug|Any CPU
		{6146E92B-E3BA-4CD7-A97B-3E2E04AD7698}.Debug|Any CPU.Build.0 = Debug|Any CPU
		{6146E92B-E3BA-4CD7-A97B-3E2E04AD7698}.Release|Any CPU.ActiveCfg = Release|Any CPU
		{6146E92B-E3BA-4CD7-A97B-3E2E04AD7698}.Release|Any CPU.Build.0 = Release|Any CPU
		{A549064B-35CF-4F62-997B-CAD897A9276C}.Debug|Any CPU.ActiveCfg = Debug|Any CPU
		{A549064B-35CF-4F62-997B-CAD897A9276C}.Debug|Any CPU.Build.0 = Debug|Any CPU
		{A549064B-35CF-4F62-997B-CAD897A9276C}.Release|Any CPU.ActiveCfg = Release|Any CPU
		{A549064B-35CF-4F62-997B-CAD897A9276C}.Release|Any CPU.Build.0 = Release|Any CPU
		{5B4D9C3F-840C-4282-96F1-0901D5E6073B}.Debug|Any CPU.ActiveCfg = Debug|Any CPU
		{5B4D9C3F-840C-4282-96F1-0901D5E6073B}.Debug|Any CPU.Build.0 = Debug|Any CPU
		{5B4D9C3F-840C-4282-96F1-0901D5E6073B}.Release|Any CPU.ActiveCfg = Release|Any CPU
		{5B4D9C3F-840C-4282-96F1-0901D5E6073B}.Release|Any CPU.Build.0 = Release|Any CPU
		{B558F790-C5AC-44B6-A949-CD97D5CF2E09}.Debug|Any CPU.ActiveCfg = Debug|Any CPU
		{B558F790-C5AC-44B6-A949-CD97D5CF2E09}.Debug|Any CPU.Build.0 = Debug|Any CPU
		{B558F790-C5AC-44B6-A949-CD97D5CF2E09}.Release|Any CPU.ActiveCfg = Release|Any CPU
		{B558F790-C5AC-44B6-A949-CD97D5CF2E09}.Release|Any CPU.Build.0 = Release|Any CPU
		{0F9EF991-3E92-4CEF-BDB3-ADF9599C7382}.Debug|Any CPU.ActiveCfg = Debug|Any CPU
		{0F9EF991-3E92-4CEF-BDB3-ADF9599C7382}.Debug|Any CPU.Build.0 = Debug|Any CPU
		{0F9EF991-3E92-4CEF-BDB3-ADF9599C7382}.Release|Any CPU.ActiveCfg = Release|Any CPU
		{0F9EF991-3E92-4CEF-BDB3-ADF9599C7382}.Release|Any CPU.Build.0 = Release|Any CPU
		{12AA23FC-53DA-49F7-8F0D-0D8CD33B5385}.Debug|Any CPU.ActiveCfg = Debug|Any CPU
		{12AA23FC-53DA-49F7-8F0D-0D8CD33B5385}.Debug|Any CPU.Build.0 = Debug|Any CPU
		{12AA23FC-53DA-49F7-8F0D-0D8CD33B5385}.Release|Any CPU.ActiveCfg = Release|Any CPU
		{12AA23FC-53DA-49F7-8F0D-0D8CD33B5385}.Release|Any CPU.Build.0 = Release|Any CPU
	EndGlobalSection
	GlobalSection(SolutionProperties) = preSolution
		HideSolutionNode = FALSE
	EndGlobalSection
	GlobalSection(ExtensibilityGlobals) = postSolution
		SolutionGuid = {D5F0FEF4-B3C8-491E-8F37-A2D41B9B05DD}
	EndGlobalSection
EndGlobal
